{
  "originHash" : "ba31cb44d33c6625bfcdaf407056cbbf7faa5fe0037f394691372103f4d0b3e8",
  "pins" : [
    {
      "identity" : "capacitor-swift-pm",
      "kind" : "remoteSourceControl",
      "location" : "https://github.com/ionic-team/capacitor-swift-pm.git",
      "state" : {
        "revision" : "596259033e94829dffc552a40e7129262122995e",
        "version" : "8.0.0"
      }
    }
  ],
  "version" : 3
}
